
Microsoft Visual Studio Solution File, Format Version 12.00
# Visual Studio 2013
VisualStudioVersion = 12.0.31101.0
MinimumVisualStudioVersion = 10.0.40219.1
Project("{FAE04EC0-301F-11D3-BF4B-00C04F79EFBC}") = "LightHouse.Core", "Core\Core\Code\LightHouse.Core.csproj", "{E26611F9-FAAF-419E-A38D-9924A58EF431}"
	ProjectSection(ProjectDependencies) = postProject
		{73A2E4D9-D4A0-4144-968F-0A15A95B72D6} = {73A2E4D9-D4A0-4144-968F-0A15A95B72D6}
	EndProjectSection
EndProject
Project("{FAE04EC0-301F-11D3-BF4B-00C04F79EFBC}") = "LightHouse.Bootstrap.Core", "Bootstrap\Core\Code\LightHouse.Bootstrap.Core.csproj", "{73A2E4D9-D4A0-4144-968F-0A15A95B72D6}"
EndProject
Project("{2150E333-8FDC-42A3-9474-1A3956D46DE8}") = "Code", "Code", "{05F6C01C-5287-43B9-A068-D469927267A3}"
EndProject
Project("{2150E333-8FDC-42A3-9474-1A3956D46DE8}") = "Testing", "Testing", "{A5B8A812-5915-4D24-A5F4-4B794422B110}"
EndProject
Project("{FAE04EC0-301F-11D3-BF4B-00C04F79EFBC}") = "LightHouse.Testing", "Testing\Core\Code\LightHouse.Testing.csproj", "{BB2FF403-4287-47E0-82D8-26F7B3B5A852}"
	ProjectSection(ProjectDependencies) = postProject
		{C2542BC1-98B0-464E-BB56-956F0C324018} = {C2542BC1-98B0-464E-BB56-956F0C324018}
		{E26611F9-FAAF-419E-A38D-9924A58EF431} = {E26611F9-FAAF-419E-A38D-9924A58EF431}
	EndProjectSection
EndProject
Project("{FAE04EC0-301F-11D3-BF4B-00C04F79EFBC}") = "LightHouse.Core.Testing.Profile78", "Core\Core\Testing\Portable\Profile78\LightHouse.Core.Testing.Profile78.csproj", "{5BCC8C06-DCE3-4926-B08C-80A1FAA974F5}"
	ProjectSection(ProjectDependencies) = postProject
		{BB2FF403-4287-47E0-82D8-26F7B3B5A852} = {BB2FF403-4287-47E0-82D8-26F7B3B5A852}
		{C805C6AE-2F5D-4804-A94F-671953B9A59C} = {C805C6AE-2F5D-4804-A94F-671953B9A59C}
		{C2542BC1-98B0-464E-BB56-956F0C324018} = {C2542BC1-98B0-464E-BB56-956F0C324018}
		{E2D7B7F1-7419-49BD-B57B-72227442553D} = {E2D7B7F1-7419-49BD-B57B-72227442553D}
		{E26611F9-FAAF-419E-A38D-9924A58EF431} = {E26611F9-FAAF-419E-A38D-9924A58EF431}
	EndProjectSection
EndProject
Project("{FAE04EC0-301F-11D3-BF4B-00C04F79EFBC}") = "LightHouse.Model", "Model\Core\Code\LightHouse.Model.csproj", "{C2542BC1-98B0-464E-BB56-956F0C324018}"
	ProjectSection(ProjectDependencies) = postProject
		{73A2E4D9-D4A0-4144-968F-0A15A95B72D6} = {73A2E4D9-D4A0-4144-968F-0A15A95B72D6}
		{E26611F9-FAAF-419E-A38D-9924A58EF431} = {E26611F9-FAAF-419E-A38D-9924A58EF431}
	EndProjectSection
EndProject
Project("{2150E333-8FDC-42A3-9474-1A3956D46DE8}") = "Framework", "Framework", "{ACA21427-ECF9-47AD-A1D5-2622E2F10188}"
EndProject
Project("{FAE04EC0-301F-11D3-BF4B-00C04F79EFBC}") = "LightHouse.Ontology", "Ontology\Core\Code\LightHouse.Ontology.csproj", "{C805C6AE-2F5D-4804-A94F-671953B9A59C}"
	ProjectSection(ProjectDependencies) = postProject
		{C2542BC1-98B0-464E-BB56-956F0C324018} = {C2542BC1-98B0-464E-BB56-956F0C324018}
		{44C8C0E5-9793-48CC-8B4C-ECB4D2DCFAC1} = {44C8C0E5-9793-48CC-8B4C-ECB4D2DCFAC1}
		{E26611F9-FAAF-419E-A38D-9924A58EF431} = {E26611F9-FAAF-419E-A38D-9924A58EF431}
	EndProjectSection
EndProject
Project("{FAE04EC0-301F-11D3-BF4B-00C04F79EFBC}") = "LightHouse.Execution", "Execution\Core\Code\LightHouse.Execution.csproj", "{91C9AD17-89B9-4DC3-B96B-7E6F668F8021}"
	ProjectSection(ProjectDependencies) = postProject
		{C2542BC1-98B0-464E-BB56-956F0C324018} = {C2542BC1-98B0-464E-BB56-956F0C324018}
		{E26611F9-FAAF-419E-A38D-9924A58EF431} = {E26611F9-FAAF-419E-A38D-9924A58EF431}
	EndProjectSection
EndProject
Project("{FAE04EC0-301F-11D3-BF4B-00C04F79EFBC}") = "LightHouse.Execution.Provider.Embedded", "Execution\Provider\Embedded\Code\LightHouse.Execution.Provider.Embedded.csproj", "{80F1E4B9-0C4F-477C-B45A-84A78C2ABA70}"
	ProjectSection(ProjectDependencies) = postProject
		{91C9AD17-89B9-4DC3-B96B-7E6F668F8021} = {91C9AD17-89B9-4DC3-B96B-7E6F668F8021}
		{C2542BC1-98B0-464E-BB56-956F0C324018} = {C2542BC1-98B0-464E-BB56-956F0C324018}
		{73A2E4D9-D4A0-4144-968F-0A15A95B72D6} = {73A2E4D9-D4A0-4144-968F-0A15A95B72D6}
		{E26611F9-FAAF-419E-A38D-9924A58EF431} = {E26611F9-FAAF-419E-A38D-9924A58EF431}
	EndProjectSection
EndProject
Project("{FAE04EC0-301F-11D3-BF4B-00C04F79EFBC}") = "LightHouse.Execution.Embedded", "Execution\Operation\Embedded\Code\LightHouse.Execution.Embedded.csproj", "{69BA8BBB-6A13-4CF7-801B-9B7986954916}"
	ProjectSection(ProjectDependencies) = postProject
		{91C9AD17-89B9-4DC3-B96B-7E6F668F8021} = {91C9AD17-89B9-4DC3-B96B-7E6F668F8021}
		{C2542BC1-98B0-464E-BB56-956F0C324018} = {C2542BC1-98B0-464E-BB56-956F0C324018}
		{73A2E4D9-D4A0-4144-968F-0A15A95B72D6} = {73A2E4D9-D4A0-4144-968F-0A15A95B72D6}
		{E26611F9-FAAF-419E-A38D-9924A58EF431} = {E26611F9-FAAF-419E-A38D-9924A58EF431}
	EndProjectSection
EndProject
Project("{FAE04EC0-301F-11D3-BF4B-00C04F79EFBC}") = "LightHouse.Testing.xUnit", "Testing\Operation\xUnit\Core\Code\LightHouse.Testing.xUnit.csproj", "{E2D7B7F1-7419-49BD-B57B-72227442553D}"
EndProject
Project("{2150E333-8FDC-42A3-9474-1A3956D46DE8}") = ".nuget", ".nuget", "{DCCFED7A-BE14-45F3-A947-C265EC8ACBCA}"
	ProjectSection(SolutionItems) = preProject
		.nuget\packages.config = .nuget\packages.config
	EndProjectSection
EndProject
Project("{FAE04EC0-301F-11D3-BF4B-00C04F79EFBC}") = "LightHouse.Storage", "Storage\Core\Code\LightHouse.Storage.csproj", "{44C8C0E5-9793-48CC-8B4C-ECB4D2DCFAC1}"
EndProject
Project("{FAE04EC0-301F-11D3-BF4B-00C04F79EFBC}") = "LightHouse.Testing.xUnit.Native.Xamarin.iOS10", "Testing\Operation\xUnit\Native\Xamarin.iOS10\Code\LightHouse.Testing.xUnit.Native.Xamarin.iOS10.csproj", "{196A0D2B-ABA5-4C83-969D-FA0DA7103A72}"
EndProject
Project("{FAE04EC0-301F-11D3-BF4B-00C04F79EFBC}") = "LightHouse.Bootstrap.Xamarin.iOS10", "Bootstrap\Xamarin.iOS10\Code\LightHouse.Bootstrap.Xamarin.iOS10.csproj", "{A3D469DC-0AF9-4C6E-B3C2-DD31BFBF3DC2}"
EndProject
Project("{FAE04EC0-301F-11D3-BF4B-00C04F79EFBC}") = "LightHouse.Core.Testing.Runner.iOS", "Core\Core\Testing\Native\iOS\LightHouse.Core.Testing.Runner.iOS.csproj", "{0EDF7697-BEB7-46A6-A8CD-5655023AD37B}"
EndProject
Global
	GlobalSection(SolutionConfigurationPlatforms) = preSolution
		Ad-Hoc|Any CPU = Ad-Hoc|Any CPU
		Ad-Hoc|ARM = Ad-Hoc|ARM
		Ad-Hoc|iPhone = Ad-Hoc|iPhone
		Ad-Hoc|iPhoneSimulator = Ad-Hoc|iPhoneSimulator
		Ad-Hoc|Mixed Platforms = Ad-Hoc|Mixed Platforms
		Ad-Hoc|x64 = Ad-Hoc|x64
		Ad-Hoc|x86 = Ad-Hoc|x86
		AppStore|Any CPU = AppStore|Any CPU
		AppStore|ARM = AppStore|ARM
		AppStore|iPhone = AppStore|iPhone
		AppStore|iPhoneSimulator = AppStore|iPhoneSimulator
		AppStore|Mixed Platforms = AppStore|Mixed Platforms
		AppStore|x64 = AppStore|x64
		AppStore|x86 = AppStore|x86
		Debug|Any CPU = Debug|Any CPU
		Debug|ARM = Debug|ARM
		Debug|iPhone = Debug|iPhone
		Debug|iPhoneSimulator = Debug|iPhoneSimulator
		Debug|Mixed Platforms = Debug|Mixed Platforms
		Debug|x64 = Debug|x64
		Debug|x86 = Debug|x86
		Release|Any CPU = Release|Any CPU
		Release|ARM = Release|ARM
		Release|iPhone = Release|iPhone
		Release|iPhoneSimulator = Release|iPhoneSimulator
		Release|Mixed Platforms = Release|Mixed Platforms
		Release|x64 = Release|x64
		Release|x86 = Release|x86
	EndGlobalSection
	GlobalSection(ProjectConfigurationPlatforms) = postSolution
		{E26611F9-FAAF-419E-A38D-9924A58EF431}.Ad-Hoc|Any CPU.ActiveCfg = Release|Any CPU
		{E26611F9-FAAF-419E-A38D-9924A58EF431}.Ad-Hoc|Any CPU.Build.0 = Release|Any CPU
		{E26611F9-FAAF-419E-A38D-9924A58EF431}.Ad-Hoc|ARM.ActiveCfg = Release|Any CPU
		{E26611F9-FAAF-419E-A38D-9924A58EF431}.Ad-Hoc|iPhone.ActiveCfg = Release|Any CPU
		{E26611F9-FAAF-419E-A38D-9924A58EF431}.Ad-Hoc|iPhoneSimulator.ActiveCfg = Release|Any CPU
		{E26611F9-FAAF-419E-A38D-9924A58EF431}.Ad-Hoc|Mixed Platforms.ActiveCfg = Release|x86
		{E26611F9-FAAF-419E-A38D-9924A58EF431}.Ad-Hoc|Mixed Platforms.Build.0 = Release|x86
		{E26611F9-FAAF-419E-A38D-9924A58EF431}.Ad-Hoc|x64.ActiveCfg = Release|x64
		{E26611F9-FAAF-419E-A38D-9924A58EF431}.Ad-Hoc|x64.Build.0 = Release|x64
		{E26611F9-FAAF-419E-A38D-9924A58EF431}.Ad-Hoc|x86.ActiveCfg = Release|x86
		{E26611F9-FAAF-419E-A38D-9924A58EF431}.Ad-Hoc|x86.Build.0 = Release|x86
		{E26611F9-FAAF-419E-A38D-9924A58EF431}.AppStore|Any CPU.ActiveCfg = Release|Any CPU
		{E26611F9-FAAF-419E-A38D-9924A58EF431}.AppStore|Any CPU.Build.0 = Release|Any CPU
		{E26611F9-FAAF-419E-A38D-9924A58EF431}.AppStore|ARM.ActiveCfg = Release|Any CPU
		{E26611F9-FAAF-419E-A38D-9924A58EF431}.AppStore|iPhone.ActiveCfg = Release|Any CPU
		{E26611F9-FAAF-419E-A38D-9924A58EF431}.AppStore|iPhoneSimulator.ActiveCfg = Release|Any CPU
		{E26611F9-FAAF-419E-A38D-9924A58EF431}.AppStore|Mixed Platforms.ActiveCfg = Release|x86
		{E26611F9-FAAF-419E-A38D-9924A58EF431}.AppStore|Mixed Platforms.Build.0 = Release|x86
		{E26611F9-FAAF-419E-A38D-9924A58EF431}.AppStore|x64.ActiveCfg = Release|x64
		{E26611F9-FAAF-419E-A38D-9924A58EF431}.AppStore|x64.Build.0 = Release|x64
		{E26611F9-FAAF-419E-A38D-9924A58EF431}.AppStore|x86.ActiveCfg = Release|x86
		{E26611F9-FAAF-419E-A38D-9924A58EF431}.AppStore|x86.Build.0 = Release|x86
		{E26611F9-FAAF-419E-A38D-9924A58EF431}.Debug|Any CPU.ActiveCfg = Debug|Any CPU
		{E26611F9-FAAF-419E-A38D-9924A58EF431}.Debug|Any CPU.Build.0 = Debug|Any CPU
		{E26611F9-FAAF-419E-A38D-9924A58EF431}.Debug|ARM.ActiveCfg = Debug|Any CPU
		{E26611F9-FAAF-419E-A38D-9924A58EF431}.Debug|iPhone.ActiveCfg = Debug|Any CPU
		{E26611F9-FAAF-419E-A38D-9924A58EF431}.Debug|iPhoneSimulator.ActiveCfg = Debug|Any CPU
		{E26611F9-FAAF-419E-A38D-9924A58EF431}.Debug|Mixed Platforms.ActiveCfg = Debug|Any CPU
		{E26611F9-FAAF-419E-A38D-9924A58EF431}.Debug|Mixed Platforms.Build.0 = Debug|Any CPU
		{E26611F9-FAAF-419E-A38D-9924A58EF431}.Debug|x64.ActiveCfg = Debug|x64
		{E26611F9-FAAF-419E-A38D-9924A58EF431}.Debug|x64.Build.0 = Debug|x64
		{E26611F9-FAAF-419E-A38D-9924A58EF431}.Debug|x86.ActiveCfg = Debug|x86
		{E26611F9-FAAF-419E-A38D-9924A58EF431}.Debug|x86.Build.0 = Debug|x86
		{E26611F9-FAAF-419E-A38D-9924A58EF431}.Release|Any CPU.ActiveCfg = Release|Any CPU
		{E26611F9-FAAF-419E-A38D-9924A58EF431}.Release|Any CPU.Build.0 = Release|Any CPU
		{E26611F9-FAAF-419E-A38D-9924A58EF431}.Release|ARM.ActiveCfg = Release|Any CPU
		{E26611F9-FAAF-419E-A38D-9924A58EF431}.Release|iPhone.ActiveCfg = Release|Any CPU
		{E26611F9-FAAF-419E-A38D-9924A58EF431}.Release|iPhoneSimulator.ActiveCfg = Release|Any CPU
		{E26611F9-FAAF-419E-A38D-9924A58EF431}.Release|Mixed Platforms.ActiveCfg = Release|x86
		{E26611F9-FAAF-419E-A38D-9924A58EF431}.Release|Mixed Platforms.Build.0 = Release|x86
		{E26611F9-FAAF-419E-A38D-9924A58EF431}.Release|x64.ActiveCfg = Release|x64
		{E26611F9-FAAF-419E-A38D-9924A58EF431}.Release|x64.Build.0 = Release|x64
		{E26611F9-FAAF-419E-A38D-9924A58EF431}.Release|x86.ActiveCfg = Release|x86
		{E26611F9-FAAF-419E-A38D-9924A58EF431}.Release|x86.Build.0 = Release|x86
		{73A2E4D9-D4A0-4144-968F-0A15A95B72D6}.Ad-Hoc|Any CPU.ActiveCfg = Release|Any CPU
		{73A2E4D9-D4A0-4144-968F-0A15A95B72D6}.Ad-Hoc|Any CPU.Build.0 = Release|Any CPU
		{73A2E4D9-D4A0-4144-968F-0A15A95B72D6}.Ad-Hoc|ARM.ActiveCfg = Release|Any CPU
		{73A2E4D9-D4A0-4144-968F-0A15A95B72D6}.Ad-Hoc|iPhone.ActiveCfg = Release|Any CPU
		{73A2E4D9-D4A0-4144-968F-0A15A95B72D6}.Ad-Hoc|iPhoneSimulator.ActiveCfg = Release|Any CPU
		{73A2E4D9-D4A0-4144-968F-0A15A95B72D6}.Ad-Hoc|Mixed Platforms.ActiveCfg = Release|Any CPU
		{73A2E4D9-D4A0-4144-968F-0A15A95B72D6}.Ad-Hoc|Mixed Platforms.Build.0 = Release|Any CPU
		{73A2E4D9-D4A0-4144-968F-0A15A95B72D6}.Ad-Hoc|x64.ActiveCfg = Release|Any CPU
		{73A2E4D9-D4A0-4144-968F-0A15A95B72D6}.Ad-Hoc|x86.ActiveCfg = Release|Any CPU
		{73A2E4D9-D4A0-4144-968F-0A15A95B72D6}.AppStore|Any CPU.ActiveCfg = Release|Any CPU
		{73A2E4D9-D4A0-4144-968F-0A15A95B72D6}.AppStore|Any CPU.Build.0 = Release|Any CPU
		{73A2E4D9-D4A0-4144-968F-0A15A95B72D6}.AppStore|ARM.ActiveCfg = Release|Any CPU
		{73A2E4D9-D4A0-4144-968F-0A15A95B72D6}.AppStore|iPhone.ActiveCfg = Release|Any CPU
		{73A2E4D9-D4A0-4144-968F-0A15A95B72D6}.AppStore|iPhoneSimulator.ActiveCfg = Release|Any CPU
		{73A2E4D9-D4A0-4144-968F-0A15A95B72D6}.AppStore|Mixed Platforms.ActiveCfg = Release|Any CPU
		{73A2E4D9-D4A0-4144-968F-0A15A95B72D6}.AppStore|Mixed Platforms.Build.0 = Release|Any CPU
		{73A2E4D9-D4A0-4144-968F-0A15A95B72D6}.AppStore|x64.ActiveCfg = Release|Any CPU
		{73A2E4D9-D4A0-4144-968F-0A15A95B72D6}.AppStore|x86.ActiveCfg = Release|Any CPU
		{73A2E4D9-D4A0-4144-968F-0A15A95B72D6}.Debug|Any CPU.ActiveCfg = Debug|Any CPU
		{73A2E4D9-D4A0-4144-968F-0A15A95B72D6}.Debug|Any CPU.Build.0 = Debug|Any CPU
		{73A2E4D9-D4A0-4144-968F-0A15A95B72D6}.Debug|ARM.ActiveCfg = Debug|Any CPU
		{73A2E4D9-D4A0-4144-968F-0A15A95B72D6}.Debug|iPhone.ActiveCfg = Debug|Any CPU
		{73A2E4D9-D4A0-4144-968F-0A15A95B72D6}.Debug|iPhoneSimulator.ActiveCfg = Debug|Any CPU
		{73A2E4D9-D4A0-4144-968F-0A15A95B72D6}.Debug|Mixed Platforms.ActiveCfg = Debug|Any CPU
		{73A2E4D9-D4A0-4144-968F-0A15A95B72D6}.Debug|Mixed Platforms.Build.0 = Debug|Any CPU
		{73A2E4D9-D4A0-4144-968F-0A15A95B72D6}.Debug|x64.ActiveCfg = Debug|Any CPU
		{73A2E4D9-D4A0-4144-968F-0A15A95B72D6}.Debug|x86.ActiveCfg = Debug|Any CPU
		{73A2E4D9-D4A0-4144-968F-0A15A95B72D6}.Release|Any CPU.ActiveCfg = Release|Any CPU
		{73A2E4D9-D4A0-4144-968F-0A15A95B72D6}.Release|Any CPU.Build.0 = Release|Any CPU
		{73A2E4D9-D4A0-4144-968F-0A15A95B72D6}.Release|ARM.ActiveCfg = Release|Any CPU
		{73A2E4D9-D4A0-4144-968F-0A15A95B72D6}.Release|iPhone.ActiveCfg = Release|Any CPU
		{73A2E4D9-D4A0-4144-968F-0A15A95B72D6}.Release|iPhoneSimulator.ActiveCfg = Release|Any CPU
		{73A2E4D9-D4A0-4144-968F-0A15A95B72D6}.Release|Mixed Platforms.ActiveCfg = Release|Any CPU
		{73A2E4D9-D4A0-4144-968F-0A15A95B72D6}.Release|Mixed Platforms.Build.0 = Release|Any CPU
		{73A2E4D9-D4A0-4144-968F-0A15A95B72D6}.Release|x64.ActiveCfg = Release|Any CPU
		{73A2E4D9-D4A0-4144-968F-0A15A95B72D6}.Release|x86.ActiveCfg = Release|Any CPU
		{BB2FF403-4287-47E0-82D8-26F7B3B5A852}.Ad-Hoc|Any CPU.ActiveCfg = Release|Any CPU
		{BB2FF403-4287-47E0-82D8-26F7B3B5A852}.Ad-Hoc|Any CPU.Build.0 = Release|Any CPU
		{BB2FF403-4287-47E0-82D8-26F7B3B5A852}.Ad-Hoc|ARM.ActiveCfg = Release|Any CPU
		{BB2FF403-4287-47E0-82D8-26F7B3B5A852}.Ad-Hoc|iPhone.ActiveCfg = Release|Any CPU
		{BB2FF403-4287-47E0-82D8-26F7B3B5A852}.Ad-Hoc|iPhoneSimulator.ActiveCfg = Release|Any CPU
		{BB2FF403-4287-47E0-82D8-26F7B3B5A852}.Ad-Hoc|Mixed Platforms.ActiveCfg = Release|Any CPU
		{BB2FF403-4287-47E0-82D8-26F7B3B5A852}.Ad-Hoc|Mixed Platforms.Build.0 = Release|Any CPU
		{BB2FF403-4287-47E0-82D8-26F7B3B5A852}.Ad-Hoc|x64.ActiveCfg = Release|Any CPU
		{BB2FF403-4287-47E0-82D8-26F7B3B5A852}.Ad-Hoc|x86.ActiveCfg = Release|Any CPU
		{BB2FF403-4287-47E0-82D8-26F7B3B5A852}.AppStore|Any CPU.ActiveCfg = Release|Any CPU
		{BB2FF403-4287-47E0-82D8-26F7B3B5A852}.AppStore|Any CPU.Build.0 = Release|Any CPU
		{BB2FF403-4287-47E0-82D8-26F7B3B5A852}.AppStore|ARM.ActiveCfg = Release|Any CPU
		{BB2FF403-4287-47E0-82D8-26F7B3B5A852}.AppStore|iPhone.ActiveCfg = Release|Any CPU
		{BB2FF403-4287-47E0-82D8-26F7B3B5A852}.AppStore|iPhoneSimulator.ActiveCfg = Release|Any CPU
		{BB2FF403-4287-47E0-82D8-26F7B3B5A852}.AppStore|Mixed Platforms.ActiveCfg = Release|Any CPU
		{BB2FF403-4287-47E0-82D8-26F7B3B5A852}.AppStore|Mixed Platforms.Build.0 = Release|Any CPU
		{BB2FF403-4287-47E0-82D8-26F7B3B5A852}.AppStore|x64.ActiveCfg = Release|Any CPU
		{BB2FF403-4287-47E0-82D8-26F7B3B5A852}.AppStore|x86.ActiveCfg = Release|Any CPU
		{BB2FF403-4287-47E0-82D8-26F7B3B5A852}.Debug|Any CPU.ActiveCfg = Debug|Any CPU
		{BB2FF403-4287-47E0-82D8-26F7B3B5A852}.Debug|Any CPU.Build.0 = Debug|Any CPU
		{BB2FF403-4287-47E0-82D8-26F7B3B5A852}.Debug|ARM.ActiveCfg = Debug|Any CPU
		{BB2FF403-4287-47E0-82D8-26F7B3B5A852}.Debug|iPhone.ActiveCfg = Debug|Any CPU
		{BB2FF403-4287-47E0-82D8-26F7B3B5A852}.Debug|iPhoneSimulator.ActiveCfg = Debug|Any CPU
		{BB2FF403-4287-47E0-82D8-26F7B3B5A852}.Debug|Mixed Platforms.ActiveCfg = Debug|Any CPU
		{BB2FF403-4287-47E0-82D8-26F7B3B5A852}.Debug|Mixed Platforms.Build.0 = Debug|Any CPU
		{BB2FF403-4287-47E0-82D8-26F7B3B5A852}.Debug|x64.ActiveCfg = Debug|Any CPU
		{BB2FF403-4287-47E0-82D8-26F7B3B5A852}.Debug|x86.ActiveCfg = Debug|Any CPU
		{BB2FF403-4287-47E0-82D8-26F7B3B5A852}.Release|Any CPU.ActiveCfg = Release|Any CPU
		{BB2FF403-4287-47E0-82D8-26F7B3B5A852}.Release|Any CPU.Build.0 = Release|Any CPU
		{BB2FF403-4287-47E0-82D8-26F7B3B5A852}.Release|ARM.ActiveCfg = Release|Any CPU
		{BB2FF403-4287-47E0-82D8-26F7B3B5A852}.Release|iPhone.ActiveCfg = Release|Any CPU
		{BB2FF403-4287-47E0-82D8-26F7B3B5A852}.Release|iPhoneSimulator.ActiveCfg = Release|Any CPU
		{BB2FF403-4287-47E0-82D8-26F7B3B5A852}.Release|Mixed Platforms.ActiveCfg = Release|Any CPU
		{BB2FF403-4287-47E0-82D8-26F7B3B5A852}.Release|Mixed Platforms.Build.0 = Release|Any CPU
		{BB2FF403-4287-47E0-82D8-26F7B3B5A852}.Release|x64.ActiveCfg = Release|Any CPU
		{BB2FF403-4287-47E0-82D8-26F7B3B5A852}.Release|x86.ActiveCfg = Release|Any CPU
		{5BCC8C06-DCE3-4926-B08C-80A1FAA974F5}.Ad-Hoc|Any CPU.ActiveCfg = Release|Any CPU
		{5BCC8C06-DCE3-4926-B08C-80A1FAA974F5}.Ad-Hoc|Any CPU.Build.0 = Release|Any CPU
		{5BCC8C06-DCE3-4926-B08C-80A1FAA974F5}.Ad-Hoc|ARM.ActiveCfg = Release|Any CPU
		{5BCC8C06-DCE3-4926-B08C-80A1FAA974F5}.Ad-Hoc|iPhone.ActiveCfg = Release|Any CPU
		{5BCC8C06-DCE3-4926-B08C-80A1FAA974F5}.Ad-Hoc|iPhoneSimulator.ActiveCfg = Release|Any CPU
		{5BCC8C06-DCE3-4926-B08C-80A1FAA974F5}.Ad-Hoc|Mixed Platforms.ActiveCfg = Release|Any CPU
		{5BCC8C06-DCE3-4926-B08C-80A1FAA974F5}.Ad-Hoc|Mixed Platforms.Build.0 = Release|Any CPU
		{5BCC8C06-DCE3-4926-B08C-80A1FAA974F5}.Ad-Hoc|x64.ActiveCfg = Release|Any CPU
		{5BCC8C06-DCE3-4926-B08C-80A1FAA974F5}.Ad-Hoc|x86.ActiveCfg = Release|Any CPU
		{5BCC8C06-DCE3-4926-B08C-80A1FAA974F5}.AppStore|Any CPU.ActiveCfg = Release|Any CPU
		{5BCC8C06-DCE3-4926-B08C-80A1FAA974F5}.AppStore|Any CPU.Build.0 = Release|Any CPU
		{5BCC8C06-DCE3-4926-B08C-80A1FAA974F5}.AppStore|ARM.ActiveCfg = Release|Any CPU
		{5BCC8C06-DCE3-4926-B08C-80A1FAA974F5}.AppStore|iPhone.ActiveCfg = Release|Any CPU
		{5BCC8C06-DCE3-4926-B08C-80A1FAA974F5}.AppStore|iPhoneSimulator.ActiveCfg = Release|Any CPU
		{5BCC8C06-DCE3-4926-B08C-80A1FAA974F5}.AppStore|Mixed Platforms.ActiveCfg = Release|Any CPU
		{5BCC8C06-DCE3-4926-B08C-80A1FAA974F5}.AppStore|Mixed Platforms.Build.0 = Release|Any CPU
		{5BCC8C06-DCE3-4926-B08C-80A1FAA974F5}.AppStore|x64.ActiveCfg = Release|Any CPU
		{5BCC8C06-DCE3-4926-B08C-80A1FAA974F5}.AppStore|x86.ActiveCfg = Release|Any CPU
		{5BCC8C06-DCE3-4926-B08C-80A1FAA974F5}.Debug|Any CPU.ActiveCfg = Debug|Any CPU
		{5BCC8C06-DCE3-4926-B08C-80A1FAA974F5}.Debug|Any CPU.Build.0 = Debug|Any CPU
		{5BCC8C06-DCE3-4926-B08C-80A1FAA974F5}.Debug|ARM.ActiveCfg = Debug|Any CPU
		{5BCC8C06-DCE3-4926-B08C-80A1FAA974F5}.Debug|iPhone.ActiveCfg = Debug|Any CPU
		{5BCC8C06-DCE3-4926-B08C-80A1FAA974F5}.Debug|iPhoneSimulator.ActiveCfg = Debug|Any CPU
		{5BCC8C06-DCE3-4926-B08C-80A1FAA974F5}.Debug|Mixed Platforms.ActiveCfg = Debug|Any CPU
		{5BCC8C06-DCE3-4926-B08C-80A1FAA974F5}.Debug|Mixed Platforms.Build.0 = Debug|Any CPU
		{5BCC8C06-DCE3-4926-B08C-80A1FAA974F5}.Debug|x64.ActiveCfg = Debug|Any CPU
		{5BCC8C06-DCE3-4926-B08C-80A1FAA974F5}.Debug|x86.ActiveCfg = Debug|Any CPU
		{5BCC8C06-DCE3-4926-B08C-80A1FAA974F5}.Release|Any CPU.ActiveCfg = Release|Any CPU
		{5BCC8C06-DCE3-4926-B08C-80A1FAA974F5}.Release|Any CPU.Build.0 = Release|Any CPU
		{5BCC8C06-DCE3-4926-B08C-80A1FAA974F5}.Release|ARM.ActiveCfg = Release|Any CPU
		{5BCC8C06-DCE3-4926-B08C-80A1FAA974F5}.Release|iPhone.ActiveCfg = Release|Any CPU
		{5BCC8C06-DCE3-4926-B08C-80A1FAA974F5}.Release|iPhoneSimulator.ActiveCfg = Release|Any CPU
		{5BCC8C06-DCE3-4926-B08C-80A1FAA974F5}.Release|Mixed Platforms.ActiveCfg = Release|Any CPU
		{5BCC8C06-DCE3-4926-B08C-80A1FAA974F5}.Release|Mixed Platforms.Build.0 = Release|Any CPU
		{5BCC8C06-DCE3-4926-B08C-80A1FAA974F5}.Release|x64.ActiveCfg = Release|Any CPU
		{5BCC8C06-DCE3-4926-B08C-80A1FAA974F5}.Release|x86.ActiveCfg = Release|Any CPU
		{C2542BC1-98B0-464E-BB56-956F0C324018}.Ad-Hoc|Any CPU.ActiveCfg = Release|Any CPU
		{C2542BC1-98B0-464E-BB56-956F0C324018}.Ad-Hoc|Any CPU.Build.0 = Release|Any CPU
		{C2542BC1-98B0-464E-BB56-956F0C324018}.Ad-Hoc|ARM.ActiveCfg = Release|Any CPU
		{C2542BC1-98B0-464E-BB56-956F0C324018}.Ad-Hoc|iPhone.ActiveCfg = Release|Any CPU
		{C2542BC1-98B0-464E-BB56-956F0C324018}.Ad-Hoc|iPhoneSimulator.ActiveCfg = Release|Any CPU
		{C2542BC1-98B0-464E-BB56-956F0C324018}.Ad-Hoc|Mixed Platforms.ActiveCfg = Release|Any CPU
		{C2542BC1-98B0-464E-BB56-956F0C324018}.Ad-Hoc|Mixed Platforms.Build.0 = Release|Any CPU
		{C2542BC1-98B0-464E-BB56-956F0C324018}.Ad-Hoc|x64.ActiveCfg = Release|Any CPU
		{C2542BC1-98B0-464E-BB56-956F0C324018}.Ad-Hoc|x86.ActiveCfg = Release|Any CPU
		{C2542BC1-98B0-464E-BB56-956F0C324018}.AppStore|Any CPU.ActiveCfg = Release|Any CPU
		{C2542BC1-98B0-464E-BB56-956F0C324018}.AppStore|Any CPU.Build.0 = Release|Any CPU
		{C2542BC1-98B0-464E-BB56-956F0C324018}.AppStore|ARM.ActiveCfg = Release|Any CPU
		{C2542BC1-98B0-464E-BB56-956F0C324018}.AppStore|iPhone.ActiveCfg = Release|Any CPU
		{C2542BC1-98B0-464E-BB56-956F0C324018}.AppStore|iPhoneSimulator.ActiveCfg = Release|Any CPU
		{C2542BC1-98B0-464E-BB56-956F0C324018}.AppStore|Mixed Platforms.ActiveCfg = Release|Any CPU
		{C2542BC1-98B0-464E-BB56-956F0C324018}.AppStore|Mixed Platforms.Build.0 = Release|Any CPU
		{C2542BC1-98B0-464E-BB56-956F0C324018}.AppStore|x64.ActiveCfg = Release|Any CPU
		{C2542BC1-98B0-464E-BB56-956F0C324018}.AppStore|x86.ActiveCfg = Release|Any CPU
		{C2542BC1-98B0-464E-BB56-956F0C324018}.Debug|Any CPU.ActiveCfg = Debug|Any CPU
		{C2542BC1-98B0-464E-BB56-956F0C324018}.Debug|Any CPU.Build.0 = Debug|Any CPU
		{C2542BC1-98B0-464E-BB56-956F0C324018}.Debug|ARM.ActiveCfg = Debug|Any CPU
		{C2542BC1-98B0-464E-BB56-956F0C324018}.Debug|iPhone.ActiveCfg = Debug|Any CPU
		{C2542BC1-98B0-464E-BB56-956F0C324018}.Debug|iPhoneSimulator.ActiveCfg = Debug|Any CPU
		{C2542BC1-98B0-464E-BB56-956F0C324018}.Debug|Mixed Platforms.ActiveCfg = Debug|Any CPU
		{C2542BC1-98B0-464E-BB56-956F0C324018}.Debug|Mixed Platforms.Build.0 = Debug|Any CPU
		{C2542BC1-98B0-464E-BB56-956F0C324018}.Debug|x64.ActiveCfg = Debug|Any CPU
		{C2542BC1-98B0-464E-BB56-956F0C324018}.Debug|x86.ActiveCfg = Debug|Any CPU
		{C2542BC1-98B0-464E-BB56-956F0C324018}.Release|Any CPU.ActiveCfg = Release|Any CPU
		{C2542BC1-98B0-464E-BB56-956F0C324018}.Release|Any CPU.Build.0 = Release|Any CPU
		{C2542BC1-98B0-464E-BB56-956F0C324018}.Release|ARM.ActiveCfg = Release|Any CPU
		{C2542BC1-98B0-464E-BB56-956F0C324018}.Release|iPhone.ActiveCfg = Release|Any CPU
		{C2542BC1-98B0-464E-BB56-956F0C324018}.Release|iPhoneSimulator.ActiveCfg = Release|Any CPU
		{C2542BC1-98B0-464E-BB56-956F0C324018}.Release|Mixed Platforms.ActiveCfg = Release|Any CPU
		{C2542BC1-98B0-464E-BB56-956F0C324018}.Release|Mixed Platforms.Build.0 = Release|Any CPU
		{C2542BC1-98B0-464E-BB56-956F0C324018}.Release|x64.ActiveCfg = Release|Any CPU
		{C2542BC1-98B0-464E-BB56-956F0C324018}.Release|x86.ActiveCfg = Release|Any CPU
		{C805C6AE-2F5D-4804-A94F-671953B9A59C}.Ad-Hoc|Any CPU.ActiveCfg = Release|Any CPU
		{C805C6AE-2F5D-4804-A94F-671953B9A59C}.Ad-Hoc|Any CPU.Build.0 = Release|Any CPU
		{C805C6AE-2F5D-4804-A94F-671953B9A59C}.Ad-Hoc|ARM.ActiveCfg = Release|Any CPU
		{C805C6AE-2F5D-4804-A94F-671953B9A59C}.Ad-Hoc|iPhone.ActiveCfg = Release|Any CPU
		{C805C6AE-2F5D-4804-A94F-671953B9A59C}.Ad-Hoc|iPhoneSimulator.ActiveCfg = Release|Any CPU
		{C805C6AE-2F5D-4804-A94F-671953B9A59C}.Ad-Hoc|Mixed Platforms.ActiveCfg = Release|x86
		{C805C6AE-2F5D-4804-A94F-671953B9A59C}.Ad-Hoc|Mixed Platforms.Build.0 = Release|x86
		{C805C6AE-2F5D-4804-A94F-671953B9A59C}.Ad-Hoc|x64.ActiveCfg = Release|x64
		{C805C6AE-2F5D-4804-A94F-671953B9A59C}.Ad-Hoc|x64.Build.0 = Release|x64
		{C805C6AE-2F5D-4804-A94F-671953B9A59C}.Ad-Hoc|x86.ActiveCfg = Release|x86
		{C805C6AE-2F5D-4804-A94F-671953B9A59C}.Ad-Hoc|x86.Build.0 = Release|x86
		{C805C6AE-2F5D-4804-A94F-671953B9A59C}.AppStore|Any CPU.ActiveCfg = Release|Any CPU
		{C805C6AE-2F5D-4804-A94F-671953B9A59C}.AppStore|Any CPU.Build.0 = Release|Any CPU
		{C805C6AE-2F5D-4804-A94F-671953B9A59C}.AppStore|ARM.ActiveCfg = Release|Any CPU
		{C805C6AE-2F5D-4804-A94F-671953B9A59C}.AppStore|iPhone.ActiveCfg = Release|Any CPU
		{C805C6AE-2F5D-4804-A94F-671953B9A59C}.AppStore|iPhoneSimulator.ActiveCfg = Release|Any CPU
		{C805C6AE-2F5D-4804-A94F-671953B9A59C}.AppStore|Mixed Platforms.ActiveCfg = Release|x86
		{C805C6AE-2F5D-4804-A94F-671953B9A59C}.AppStore|Mixed Platforms.Build.0 = Release|x86
		{C805C6AE-2F5D-4804-A94F-671953B9A59C}.AppStore|x64.ActiveCfg = Release|x64
		{C805C6AE-2F5D-4804-A94F-671953B9A59C}.AppStore|x64.Build.0 = Release|x64
		{C805C6AE-2F5D-4804-A94F-671953B9A59C}.AppStore|x86.ActiveCfg = Release|x86
		{C805C6AE-2F5D-4804-A94F-671953B9A59C}.AppStore|x86.Build.0 = Release|x86
		{C805C6AE-2F5D-4804-A94F-671953B9A59C}.Debug|Any CPU.ActiveCfg = Debug|Any CPU
		{C805C6AE-2F5D-4804-A94F-671953B9A59C}.Debug|Any CPU.Build.0 = Debug|Any CPU
		{C805C6AE-2F5D-4804-A94F-671953B9A59C}.Debug|ARM.ActiveCfg = Debug|Any CPU
		{C805C6AE-2F5D-4804-A94F-671953B9A59C}.Debug|iPhone.ActiveCfg = Debug|Any CPU
		{C805C6AE-2F5D-4804-A94F-671953B9A59C}.Debug|iPhoneSimulator.ActiveCfg = Debug|Any CPU
		{C805C6AE-2F5D-4804-A94F-671953B9A59C}.Debug|Mixed Platforms.ActiveCfg = Debug|x86
		{C805C6AE-2F5D-4804-A94F-671953B9A59C}.Debug|Mixed Platforms.Build.0 = Debug|x86
		{C805C6AE-2F5D-4804-A94F-671953B9A59C}.Debug|x64.ActiveCfg = Debug|x64
		{C805C6AE-2F5D-4804-A94F-671953B9A59C}.Debug|x64.Build.0 = Debug|x64
		{C805C6AE-2F5D-4804-A94F-671953B9A59C}.Debug|x86.ActiveCfg = Debug|x86
		{C805C6AE-2F5D-4804-A94F-671953B9A59C}.Debug|x86.Build.0 = Debug|x86
		{C805C6AE-2F5D-4804-A94F-671953B9A59C}.Release|Any CPU.ActiveCfg = Release|Any CPU
		{C805C6AE-2F5D-4804-A94F-671953B9A59C}.Release|Any CPU.Build.0 = Release|Any CPU
		{C805C6AE-2F5D-4804-A94F-671953B9A59C}.Release|ARM.ActiveCfg = Release|Any CPU
		{C805C6AE-2F5D-4804-A94F-671953B9A59C}.Release|iPhone.ActiveCfg = Release|Any CPU
		{C805C6AE-2F5D-4804-A94F-671953B9A59C}.Release|iPhoneSimulator.ActiveCfg = Release|Any CPU
		{C805C6AE-2F5D-4804-A94F-671953B9A59C}.Release|Mixed Platforms.ActiveCfg = Release|x86
		{C805C6AE-2F5D-4804-A94F-671953B9A59C}.Release|Mixed Platforms.Build.0 = Release|x86
		{C805C6AE-2F5D-4804-A94F-671953B9A59C}.Release|x64.ActiveCfg = Release|x64
		{C805C6AE-2F5D-4804-A94F-671953B9A59C}.Release|x64.Build.0 = Release|x64
		{C805C6AE-2F5D-4804-A94F-671953B9A59C}.Release|x86.ActiveCfg = Release|x86
		{C805C6AE-2F5D-4804-A94F-671953B9A59C}.Release|x86.Build.0 = Release|x86
		{91C9AD17-89B9-4DC3-B96B-7E6F668F8021}.Ad-Hoc|Any CPU.ActiveCfg = Release|Any CPU
		{91C9AD17-89B9-4DC3-B96B-7E6F668F8021}.Ad-Hoc|Any CPU.Build.0 = Release|Any CPU
		{91C9AD17-89B9-4DC3-B96B-7E6F668F8021}.Ad-Hoc|ARM.ActiveCfg = Release|Any CPU
		{91C9AD17-89B9-4DC3-B96B-7E6F668F8021}.Ad-Hoc|iPhone.ActiveCfg = Release|Any CPU
		{91C9AD17-89B9-4DC3-B96B-7E6F668F8021}.Ad-Hoc|iPhoneSimulator.ActiveCfg = Release|Any CPU
		{91C9AD17-89B9-4DC3-B96B-7E6F668F8021}.Ad-Hoc|Mixed Platforms.ActiveCfg = Release|Any CPU
		{91C9AD17-89B9-4DC3-B96B-7E6F668F8021}.Ad-Hoc|Mixed Platforms.Build.0 = Release|Any CPU
		{91C9AD17-89B9-4DC3-B96B-7E6F668F8021}.Ad-Hoc|x64.ActiveCfg = Release|Any CPU
		{91C9AD17-89B9-4DC3-B96B-7E6F668F8021}.Ad-Hoc|x86.ActiveCfg = Release|Any CPU
		{91C9AD17-89B9-4DC3-B96B-7E6F668F8021}.AppStore|Any CPU.ActiveCfg = Release|Any CPU
		{91C9AD17-89B9-4DC3-B96B-7E6F668F8021}.AppStore|Any CPU.Build.0 = Release|Any CPU
		{91C9AD17-89B9-4DC3-B96B-7E6F668F8021}.AppStore|ARM.ActiveCfg = Release|Any CPU
		{91C9AD17-89B9-4DC3-B96B-7E6F668F8021}.AppStore|iPhone.ActiveCfg = Release|Any CPU
		{91C9AD17-89B9-4DC3-B96B-7E6F668F8021}.AppStore|iPhoneSimulator.ActiveCfg = Release|Any CPU
		{91C9AD17-89B9-4DC3-B96B-7E6F668F8021}.AppStore|Mixed Platforms.ActiveCfg = Release|Any CPU
		{91C9AD17-89B9-4DC3-B96B-7E6F668F8021}.AppStore|Mixed Platforms.Build.0 = Release|Any CPU
		{91C9AD17-89B9-4DC3-B96B-7E6F668F8021}.AppStore|x64.ActiveCfg = Release|Any CPU
		{91C9AD17-89B9-4DC3-B96B-7E6F668F8021}.AppStore|x86.ActiveCfg = Release|Any CPU
		{91C9AD17-89B9-4DC3-B96B-7E6F668F8021}.Debug|Any CPU.ActiveCfg = Debug|Any CPU
		{91C9AD17-89B9-4DC3-B96B-7E6F668F8021}.Debug|Any CPU.Build.0 = Debug|Any CPU
		{91C9AD17-89B9-4DC3-B96B-7E6F668F8021}.Debug|ARM.ActiveCfg = Debug|Any CPU
		{91C9AD17-89B9-4DC3-B96B-7E6F668F8021}.Debug|iPhone.ActiveCfg = Debug|Any CPU
		{91C9AD17-89B9-4DC3-B96B-7E6F668F8021}.Debug|iPhoneSimulator.ActiveCfg = Debug|Any CPU
		{91C9AD17-89B9-4DC3-B96B-7E6F668F8021}.Debug|Mixed Platforms.ActiveCfg = Debug|Any CPU
		{91C9AD17-89B9-4DC3-B96B-7E6F668F8021}.Debug|Mixed Platforms.Build.0 = Debug|Any CPU
		{91C9AD17-89B9-4DC3-B96B-7E6F668F8021}.Debug|x64.ActiveCfg = Debug|Any CPU
		{91C9AD17-89B9-4DC3-B96B-7E6F668F8021}.Debug|x86.ActiveCfg = Debug|Any CPU
		{91C9AD17-89B9-4DC3-B96B-7E6F668F8021}.Release|Any CPU.ActiveCfg = Release|Any CPU
		{91C9AD17-89B9-4DC3-B96B-7E6F668F8021}.Release|Any CPU.Build.0 = Release|Any CPU
		{91C9AD17-89B9-4DC3-B96B-7E6F668F8021}.Release|ARM.ActiveCfg = Release|Any CPU
		{91C9AD17-89B9-4DC3-B96B-7E6F668F8021}.Release|iPhone.ActiveCfg = Release|Any CPU
		{91C9AD17-89B9-4DC3-B96B-7E6F668F8021}.Release|iPhoneSimulator.ActiveCfg = Release|Any CPU
		{91C9AD17-89B9-4DC3-B96B-7E6F668F8021}.Release|Mixed Platforms.ActiveCfg = Release|Any CPU
		{91C9AD17-89B9-4DC3-B96B-7E6F668F8021}.Release|Mixed Platforms.Build.0 = Release|Any CPU
		{91C9AD17-89B9-4DC3-B96B-7E6F668F8021}.Release|x64.ActiveCfg = Release|Any CPU
		{91C9AD17-89B9-4DC3-B96B-7E6F668F8021}.Release|x86.ActiveCfg = Release|Any CPU
		{80F1E4B9-0C4F-477C-B45A-84A78C2ABA70}.Ad-Hoc|Any CPU.ActiveCfg = Release|Any CPU
		{80F1E4B9-0C4F-477C-B45A-84A78C2ABA70}.Ad-Hoc|Any CPU.Build.0 = Release|Any CPU
		{80F1E4B9-0C4F-477C-B45A-84A78C2ABA70}.Ad-Hoc|ARM.ActiveCfg = Release|Any CPU
		{80F1E4B9-0C4F-477C-B45A-84A78C2ABA70}.Ad-Hoc|iPhone.ActiveCfg = Release|Any CPU
		{80F1E4B9-0C4F-477C-B45A-84A78C2ABA70}.Ad-Hoc|iPhoneSimulator.ActiveCfg = Release|Any CPU
		{80F1E4B9-0C4F-477C-B45A-84A78C2ABA70}.Ad-Hoc|Mixed Platforms.ActiveCfg = Release|Any CPU
		{80F1E4B9-0C4F-477C-B45A-84A78C2ABA70}.Ad-Hoc|Mixed Platforms.Build.0 = Release|Any CPU
		{80F1E4B9-0C4F-477C-B45A-84A78C2ABA70}.Ad-Hoc|x64.ActiveCfg = Release|Any CPU
		{80F1E4B9-0C4F-477C-B45A-84A78C2ABA70}.Ad-Hoc|x86.ActiveCfg = Release|Any CPU
		{80F1E4B9-0C4F-477C-B45A-84A78C2ABA70}.AppStore|Any CPU.ActiveCfg = Release|Any CPU
		{80F1E4B9-0C4F-477C-B45A-84A78C2ABA70}.AppStore|Any CPU.Build.0 = Release|Any CPU
		{80F1E4B9-0C4F-477C-B45A-84A78C2ABA70}.AppStore|ARM.ActiveCfg = Release|Any CPU
		{80F1E4B9-0C4F-477C-B45A-84A78C2ABA70}.AppStore|iPhone.ActiveCfg = Release|Any CPU
		{80F1E4B9-0C4F-477C-B45A-84A78C2ABA70}.AppStore|iPhoneSimulator.ActiveCfg = Release|Any CPU
		{80F1E4B9-0C4F-477C-B45A-84A78C2ABA70}.AppStore|Mixed Platforms.ActiveCfg = Release|Any CPU
		{80F1E4B9-0C4F-477C-B45A-84A78C2ABA70}.AppStore|Mixed Platforms.Build.0 = Release|Any CPU
		{80F1E4B9-0C4F-477C-B45A-84A78C2ABA70}.AppStore|x64.ActiveCfg = Release|Any CPU
		{80F1E4B9-0C4F-477C-B45A-84A78C2ABA70}.AppStore|x86.ActiveCfg = Release|Any CPU
		{80F1E4B9-0C4F-477C-B45A-84A78C2ABA70}.Debug|Any CPU.ActiveCfg = Debug|Any CPU
		{80F1E4B9-0C4F-477C-B45A-84A78C2ABA70}.Debug|Any CPU.Build.0 = Debug|Any CPU
		{80F1E4B9-0C4F-477C-B45A-84A78C2ABA70}.Debug|ARM.ActiveCfg = Debug|Any CPU
		{80F1E4B9-0C4F-477C-B45A-84A78C2ABA70}.Debug|iPhone.ActiveCfg = Debug|Any CPU
		{80F1E4B9-0C4F-477C-B45A-84A78C2ABA70}.Debug|iPhoneSimulator.ActiveCfg = Debug|Any CPU
		{80F1E4B9-0C4F-477C-B45A-84A78C2ABA70}.Debug|Mixed Platforms.ActiveCfg = Debug|Any CPU
		{80F1E4B9-0C4F-477C-B45A-84A78C2ABA70}.Debug|Mixed Platforms.Build.0 = Debug|Any CPU
		{80F1E4B9-0C4F-477C-B45A-84A78C2ABA70}.Debug|x64.ActiveCfg = Debug|Any CPU
		{80F1E4B9-0C4F-477C-B45A-84A78C2ABA70}.Debug|x86.ActiveCfg = Debug|Any CPU
		{80F1E4B9-0C4F-477C-B45A-84A78C2ABA70}.Release|Any CPU.ActiveCfg = Release|Any CPU
		{80F1E4B9-0C4F-477C-B45A-84A78C2ABA70}.Release|Any CPU.Build.0 = Release|Any CPU
		{80F1E4B9-0C4F-477C-B45A-84A78C2ABA70}.Release|ARM.ActiveCfg = Release|Any CPU
		{80F1E4B9-0C4F-477C-B45A-84A78C2ABA70}.Release|iPhone.ActiveCfg = Release|Any CPU
		{80F1E4B9-0C4F-477C-B45A-84A78C2ABA70}.Release|iPhoneSimulator.ActiveCfg = Release|Any CPU
		{80F1E4B9-0C4F-477C-B45A-84A78C2ABA70}.Release|Mixed Platforms.ActiveCfg = Release|Any CPU
		{80F1E4B9-0C4F-477C-B45A-84A78C2ABA70}.Release|Mixed Platforms.Build.0 = Release|Any CPU
		{80F1E4B9-0C4F-477C-B45A-84A78C2ABA70}.Release|x64.ActiveCfg = Release|Any CPU
		{80F1E4B9-0C4F-477C-B45A-84A78C2ABA70}.Release|x86.ActiveCfg = Release|Any CPU
		{69BA8BBB-6A13-4CF7-801B-9B7986954916}.Ad-Hoc|Any CPU.ActiveCfg = Release|Any CPU
		{69BA8BBB-6A13-4CF7-801B-9B7986954916}.Ad-Hoc|Any CPU.Build.0 = Release|Any CPU
		{69BA8BBB-6A13-4CF7-801B-9B7986954916}.Ad-Hoc|ARM.ActiveCfg = Release|Any CPU
		{69BA8BBB-6A13-4CF7-801B-9B7986954916}.Ad-Hoc|iPhone.ActiveCfg = Release|Any CPU
		{69BA8BBB-6A13-4CF7-801B-9B7986954916}.Ad-Hoc|iPhoneSimulator.ActiveCfg = Release|Any CPU
		{69BA8BBB-6A13-4CF7-801B-9B7986954916}.Ad-Hoc|Mixed Platforms.ActiveCfg = Release|x86
		{69BA8BBB-6A13-4CF7-801B-9B7986954916}.Ad-Hoc|Mixed Platforms.Build.0 = Release|x86
		{69BA8BBB-6A13-4CF7-801B-9B7986954916}.Ad-Hoc|x64.ActiveCfg = Release|Any CPU
		{69BA8BBB-6A13-4CF7-801B-9B7986954916}.Ad-Hoc|x86.ActiveCfg = Release|x86
		{69BA8BBB-6A13-4CF7-801B-9B7986954916}.Ad-Hoc|x86.Build.0 = Release|x86
		{69BA8BBB-6A13-4CF7-801B-9B7986954916}.AppStore|Any CPU.ActiveCfg = Release|Any CPU
		{69BA8BBB-6A13-4CF7-801B-9B7986954916}.AppStore|Any CPU.Build.0 = Release|Any CPU
		{69BA8BBB-6A13-4CF7-801B-9B7986954916}.AppStore|ARM.ActiveCfg = Release|Any CPU
		{69BA8BBB-6A13-4CF7-801B-9B7986954916}.AppStore|iPhone.ActiveCfg = Release|Any CPU
		{69BA8BBB-6A13-4CF7-801B-9B7986954916}.AppStore|iPhoneSimulator.ActiveCfg = Release|Any CPU
		{69BA8BBB-6A13-4CF7-801B-9B7986954916}.AppStore|Mixed Platforms.ActiveCfg = Release|x86
		{69BA8BBB-6A13-4CF7-801B-9B7986954916}.AppStore|Mixed Platforms.Build.0 = Release|x86
		{69BA8BBB-6A13-4CF7-801B-9B7986954916}.AppStore|x64.ActiveCfg = Release|Any CPU
		{69BA8BBB-6A13-4CF7-801B-9B7986954916}.AppStore|x86.ActiveCfg = Release|x86
		{69BA8BBB-6A13-4CF7-801B-9B7986954916}.AppStore|x86.Build.0 = Release|x86
		{69BA8BBB-6A13-4CF7-801B-9B7986954916}.Debug|Any CPU.ActiveCfg = Debug|Any CPU
		{69BA8BBB-6A13-4CF7-801B-9B7986954916}.Debug|Any CPU.Build.0 = Debug|Any CPU
		{69BA8BBB-6A13-4CF7-801B-9B7986954916}.Debug|ARM.ActiveCfg = Debug|Any CPU
		{69BA8BBB-6A13-4CF7-801B-9B7986954916}.Debug|iPhone.ActiveCfg = Debug|Any CPU
		{69BA8BBB-6A13-4CF7-801B-9B7986954916}.Debug|iPhoneSimulator.ActiveCfg = Debug|Any CPU
		{69BA8BBB-6A13-4CF7-801B-9B7986954916}.Debug|Mixed Platforms.ActiveCfg = Debug|x86
		{69BA8BBB-6A13-4CF7-801B-9B7986954916}.Debug|Mixed Platforms.Build.0 = Debug|x86
		{69BA8BBB-6A13-4CF7-801B-9B7986954916}.Debug|x64.ActiveCfg = Debug|Any CPU
		{69BA8BBB-6A13-4CF7-801B-9B7986954916}.Debug|x86.ActiveCfg = Debug|x86
		{69BA8BBB-6A13-4CF7-801B-9B7986954916}.Debug|x86.Build.0 = Debug|x86
		{69BA8BBB-6A13-4CF7-801B-9B7986954916}.Release|Any CPU.ActiveCfg = Release|Any CPU
		{69BA8BBB-6A13-4CF7-801B-9B7986954916}.Release|Any CPU.Build.0 = Release|Any CPU
		{69BA8BBB-6A13-4CF7-801B-9B7986954916}.Release|ARM.ActiveCfg = Release|Any CPU
		{69BA8BBB-6A13-4CF7-801B-9B7986954916}.Release|iPhone.ActiveCfg = Release|Any CPU
		{69BA8BBB-6A13-4CF7-801B-9B7986954916}.Release|iPhoneSimulator.ActiveCfg = Release|Any CPU
		{69BA8BBB-6A13-4CF7-801B-9B7986954916}.Release|Mixed Platforms.ActiveCfg = Release|x86
		{69BA8BBB-6A13-4CF7-801B-9B7986954916}.Release|Mixed Platforms.Build.0 = Release|x86
		{69BA8BBB-6A13-4CF7-801B-9B7986954916}.Release|x64.ActiveCfg = Release|Any CPU
		{69BA8BBB-6A13-4CF7-801B-9B7986954916}.Release|x86.ActiveCfg = Release|x86
		{69BA8BBB-6A13-4CF7-801B-9B7986954916}.Release|x86.Build.0 = Release|x86
		{E2D7B7F1-7419-49BD-B57B-72227442553D}.Ad-Hoc|Any CPU.ActiveCfg = Release|Any CPU
		{E2D7B7F1-7419-49BD-B57B-72227442553D}.Ad-Hoc|ARM.ActiveCfg = Release|Any CPU
		{E2D7B7F1-7419-49BD-B57B-72227442553D}.Ad-Hoc|iPhone.ActiveCfg = Release|Any CPU
		{E2D7B7F1-7419-49BD-B57B-72227442553D}.Ad-Hoc|iPhoneSimulator.ActiveCfg = Release|Any CPU
		{E2D7B7F1-7419-49BD-B57B-72227442553D}.Ad-Hoc|Mixed Platforms.ActiveCfg = Release|Any CPU
		{E2D7B7F1-7419-49BD-B57B-72227442553D}.Ad-Hoc|x64.ActiveCfg = Release|Any CPU
		{E2D7B7F1-7419-49BD-B57B-72227442553D}.Ad-Hoc|x86.ActiveCfg = Release|Any CPU
		{E2D7B7F1-7419-49BD-B57B-72227442553D}.AppStore|Any CPU.ActiveCfg = Release|Any CPU
		{E2D7B7F1-7419-49BD-B57B-72227442553D}.AppStore|ARM.ActiveCfg = Release|Any CPU
		{E2D7B7F1-7419-49BD-B57B-72227442553D}.AppStore|iPhone.ActiveCfg = Release|Any CPU
		{E2D7B7F1-7419-49BD-B57B-72227442553D}.AppStore|iPhoneSimulator.ActiveCfg = Release|Any CPU
		{E2D7B7F1-7419-49BD-B57B-72227442553D}.AppStore|Mixed Platforms.ActiveCfg = Release|Any CPU
		{E2D7B7F1-7419-49BD-B57B-72227442553D}.AppStore|x64.ActiveCfg = Release|Any CPU
		{E2D7B7F1-7419-49BD-B57B-72227442553D}.AppStore|x86.ActiveCfg = Release|Any CPU
		{E2D7B7F1-7419-49BD-B57B-72227442553D}.Debug|Any CPU.ActiveCfg = Debug|Any CPU
		{E2D7B7F1-7419-49BD-B57B-72227442553D}.Debug|Any CPU.Build.0 = Debug|Any CPU
		{E2D7B7F1-7419-49BD-B57B-72227442553D}.Debug|ARM.ActiveCfg = Debug|Any CPU
		{E2D7B7F1-7419-49BD-B57B-72227442553D}.Debug|iPhone.ActiveCfg = Debug|Any CPU
		{E2D7B7F1-7419-49BD-B57B-72227442553D}.Debug|iPhoneSimulator.ActiveCfg = Debug|Any CPU
		{E2D7B7F1-7419-49BD-B57B-72227442553D}.Debug|Mixed Platforms.ActiveCfg = Debug|Any CPU
		{E2D7B7F1-7419-49BD-B57B-72227442553D}.Debug|Mixed Platforms.Build.0 = Debug|Any CPU
		{E2D7B7F1-7419-49BD-B57B-72227442553D}.Debug|x64.ActiveCfg = Debug|Any CPU
		{E2D7B7F1-7419-49BD-B57B-72227442553D}.Debug|x86.ActiveCfg = Debug|Any CPU
		{E2D7B7F1-7419-49BD-B57B-72227442553D}.Release|Any CPU.ActiveCfg = Release|Any CPU
		{E2D7B7F1-7419-49BD-B57B-72227442553D}.Release|Any CPU.Build.0 = Release|Any CPU
		{E2D7B7F1-7419-49BD-B57B-72227442553D}.Release|ARM.ActiveCfg = Release|Any CPU
		{E2D7B7F1-7419-49BD-B57B-72227442553D}.Release|iPhone.ActiveCfg = Release|Any CPU
		{E2D7B7F1-7419-49BD-B57B-72227442553D}.Release|iPhoneSimulator.ActiveCfg = Release|Any CPU
		{E2D7B7F1-7419-49BD-B57B-72227442553D}.Release|Mixed Platforms.ActiveCfg = Release|Any CPU
		{E2D7B7F1-7419-49BD-B57B-72227442553D}.Release|Mixed Platforms.Build.0 = Release|Any CPU
		{E2D7B7F1-7419-49BD-B57B-72227442553D}.Release|x64.ActiveCfg = Release|Any CPU
		{E2D7B7F1-7419-49BD-B57B-72227442553D}.Release|x86.ActiveCfg = Release|Any CPU
		{44C8C0E5-9793-48CC-8B4C-ECB4D2DCFAC1}.Ad-Hoc|Any CPU.ActiveCfg = Release|Any CPU
		{44C8C0E5-9793-48CC-8B4C-ECB4D2DCFAC1}.Ad-Hoc|Any CPU.Build.0 = Release|Any CPU
		{44C8C0E5-9793-48CC-8B4C-ECB4D2DCFAC1}.Ad-Hoc|ARM.ActiveCfg = Release|Any CPU
		{44C8C0E5-9793-48CC-8B4C-ECB4D2DCFAC1}.Ad-Hoc|iPhone.ActiveCfg = Release|Any CPU
		{44C8C0E5-9793-48CC-8B4C-ECB4D2DCFAC1}.Ad-Hoc|iPhoneSimulator.ActiveCfg = Release|Any CPU
		{44C8C0E5-9793-48CC-8B4C-ECB4D2DCFAC1}.Ad-Hoc|Mixed Platforms.ActiveCfg = Release|Any CPU
		{44C8C0E5-9793-48CC-8B4C-ECB4D2DCFAC1}.Ad-Hoc|Mixed Platforms.Build.0 = Release|Any CPU
		{44C8C0E5-9793-48CC-8B4C-ECB4D2DCFAC1}.Ad-Hoc|x64.ActiveCfg = Release|Any CPU
		{44C8C0E5-9793-48CC-8B4C-ECB4D2DCFAC1}.Ad-Hoc|x86.ActiveCfg = Release|Any CPU
		{44C8C0E5-9793-48CC-8B4C-ECB4D2DCFAC1}.AppStore|Any CPU.ActiveCfg = Release|Any CPU
		{44C8C0E5-9793-48CC-8B4C-ECB4D2DCFAC1}.AppStore|Any CPU.Build.0 = Release|Any CPU
		{44C8C0E5-9793-48CC-8B4C-ECB4D2DCFAC1}.AppStore|ARM.ActiveCfg = Release|Any CPU
		{44C8C0E5-9793-48CC-8B4C-ECB4D2DCFAC1}.AppStore|iPhone.ActiveCfg = Release|Any CPU
		{44C8C0E5-9793-48CC-8B4C-ECB4D2DCFAC1}.AppStore|iPhoneSimulator.ActiveCfg = Release|Any CPU
		{44C8C0E5-9793-48CC-8B4C-ECB4D2DCFAC1}.AppStore|Mixed Platforms.ActiveCfg = Release|Any CPU
		{44C8C0E5-9793-48CC-8B4C-ECB4D2DCFAC1}.AppStore|Mixed Platforms.Build.0 = Release|Any CPU
		{44C8C0E5-9793-48CC-8B4C-ECB4D2DCFAC1}.AppStore|x64.ActiveCfg = Release|Any CPU
		{44C8C0E5-9793-48CC-8B4C-ECB4D2DCFAC1}.AppStore|x86.ActiveCfg = Release|Any CPU
		{44C8C0E5-9793-48CC-8B4C-ECB4D2DCFAC1}.Debug|Any CPU.ActiveCfg = Debug|Any CPU
		{44C8C0E5-9793-48CC-8B4C-ECB4D2DCFAC1}.Debug|Any CPU.Build.0 = Debug|Any CPU
		{44C8C0E5-9793-48CC-8B4C-ECB4D2DCFAC1}.Debug|ARM.ActiveCfg = Debug|Any CPU
		{44C8C0E5-9793-48CC-8B4C-ECB4D2DCFAC1}.Debug|iPhone.ActiveCfg = Debug|Any CPU
		{44C8C0E5-9793-48CC-8B4C-ECB4D2DCFAC1}.Debug|iPhoneSimulator.ActiveCfg = Debug|Any CPU
		{44C8C0E5-9793-48CC-8B4C-ECB4D2DCFAC1}.Debug|Mixed Platforms.ActiveCfg = Debug|Any CPU
		{44C8C0E5-9793-48CC-8B4C-ECB4D2DCFAC1}.Debug|Mixed Platforms.Build.0 = Debug|Any CPU
		{44C8C0E5-9793-48CC-8B4C-ECB4D2DCFAC1}.Debug|x64.ActiveCfg = Debug|Any CPU
		{44C8C0E5-9793-48CC-8B4C-ECB4D2DCFAC1}.Debug|x86.ActiveCfg = Debug|Any CPU
		{44C8C0E5-9793-48CC-8B4C-ECB4D2DCFAC1}.Release|Any CPU.ActiveCfg = Release|Any CPU
		{44C8C0E5-9793-48CC-8B4C-ECB4D2DCFAC1}.Release|Any CPU.Build.0 = Release|Any CPU
		{44C8C0E5-9793-48CC-8B4C-ECB4D2DCFAC1}.Release|ARM.ActiveCfg = Release|Any CPU
		{44C8C0E5-9793-48CC-8B4C-ECB4D2DCFAC1}.Release|iPhone.ActiveCfg = Release|Any CPU
		{44C8C0E5-9793-48CC-8B4C-ECB4D2DCFAC1}.Release|iPhoneSimulator.ActiveCfg = Release|Any CPU
		{44C8C0E5-9793-48CC-8B4C-ECB4D2DCFAC1}.Release|Mixed Platforms.ActiveCfg = Release|Any CPU
		{44C8C0E5-9793-48CC-8B4C-ECB4D2DCFAC1}.Release|Mixed Platforms.Build.0 = Release|Any CPU
		{44C8C0E5-9793-48CC-8B4C-ECB4D2DCFAC1}.Release|x64.ActiveCfg = Release|Any CPU
		{44C8C0E5-9793-48CC-8B4C-ECB4D2DCFAC1}.Release|x86.ActiveCfg = Release|Any CPU
		{196A0D2B-ABA5-4C83-969D-FA0DA7103A72}.Ad-Hoc|Any CPU.ActiveCfg = Release|Any CPU
		{196A0D2B-ABA5-4C83-969D-FA0DA7103A72}.Ad-Hoc|Any CPU.Build.0 = Release|Any CPU
		{196A0D2B-ABA5-4C83-969D-FA0DA7103A72}.Ad-Hoc|ARM.ActiveCfg = Release|Any CPU
		{196A0D2B-ABA5-4C83-969D-FA0DA7103A72}.Ad-Hoc|iPhone.ActiveCfg = Release|Any CPU
		{196A0D2B-ABA5-4C83-969D-FA0DA7103A72}.Ad-Hoc|iPhoneSimulator.ActiveCfg = Release|Any CPU
		{196A0D2B-ABA5-4C83-969D-FA0DA7103A72}.Ad-Hoc|Mixed Platforms.ActiveCfg = Release|Any CPU
		{196A0D2B-ABA5-4C83-969D-FA0DA7103A72}.Ad-Hoc|Mixed Platforms.Build.0 = Release|Any CPU
		{196A0D2B-ABA5-4C83-969D-FA0DA7103A72}.Ad-Hoc|x64.ActiveCfg = Release|Any CPU
		{196A0D2B-ABA5-4C83-969D-FA0DA7103A72}.Ad-Hoc|x86.ActiveCfg = Release|Any CPU
		{196A0D2B-ABA5-4C83-969D-FA0DA7103A72}.AppStore|Any CPU.ActiveCfg = Release|Any CPU
		{196A0D2B-ABA5-4C83-969D-FA0DA7103A72}.AppStore|Any CPU.Build.0 = Release|Any CPU
		{196A0D2B-ABA5-4C83-969D-FA0DA7103A72}.AppStore|ARM.ActiveCfg = Release|Any CPU
		{196A0D2B-ABA5-4C83-969D-FA0DA7103A72}.AppStore|iPhone.ActiveCfg = Release|Any CPU
		{196A0D2B-ABA5-4C83-969D-FA0DA7103A72}.AppStore|iPhoneSimulator.ActiveCfg = Release|Any CPU
		{196A0D2B-ABA5-4C83-969D-FA0DA7103A72}.AppStore|Mixed Platforms.ActiveCfg = Release|Any CPU
		{196A0D2B-ABA5-4C83-969D-FA0DA7103A72}.AppStore|Mixed Platforms.Build.0 = Release|Any CPU
		{196A0D2B-ABA5-4C83-969D-FA0DA7103A72}.AppStore|x64.ActiveCfg = Release|Any CPU
		{196A0D2B-ABA5-4C83-969D-FA0DA7103A72}.AppStore|x86.ActiveCfg = Release|Any CPU
		{196A0D2B-ABA5-4C83-969D-FA0DA7103A72}.Debug|Any CPU.ActiveCfg = Debug|Any CPU
		{196A0D2B-ABA5-4C83-969D-FA0DA7103A72}.Debug|Any CPU.Build.0 = Debug|Any CPU
		{196A0D2B-ABA5-4C83-969D-FA0DA7103A72}.Debug|ARM.ActiveCfg = Debug|Any CPU
		{196A0D2B-ABA5-4C83-969D-FA0DA7103A72}.Debug|iPhone.ActiveCfg = Debug|Any CPU
		{196A0D2B-ABA5-4C83-969D-FA0DA7103A72}.Debug|iPhoneSimulator.ActiveCfg = Debug|Any CPU
		{196A0D2B-ABA5-4C83-969D-FA0DA7103A72}.Debug|Mixed Platforms.ActiveCfg = Debug|Any CPU
		{196A0D2B-ABA5-4C83-969D-FA0DA7103A72}.Debug|Mixed Platforms.Build.0 = Debug|Any CPU
		{196A0D2B-ABA5-4C83-969D-FA0DA7103A72}.Debug|x64.ActiveCfg = Debug|Any CPU
		{196A0D2B-ABA5-4C83-969D-FA0DA7103A72}.Debug|x86.ActiveCfg = Debug|Any CPU
		{196A0D2B-ABA5-4C83-969D-FA0DA7103A72}.Release|Any CPU.ActiveCfg = Release|Any CPU
		{196A0D2B-ABA5-4C83-969D-FA0DA7103A72}.Release|Any CPU.Build.0 = Release|Any CPU
		{196A0D2B-ABA5-4C83-969D-FA0DA7103A72}.Release|ARM.ActiveCfg = Release|Any CPU
		{196A0D2B-ABA5-4C83-969D-FA0DA7103A72}.Release|iPhone.ActiveCfg = Release|Any CPU
		{196A0D2B-ABA5-4C83-969D-FA0DA7103A72}.Release|iPhoneSimulator.ActiveCfg = Release|Any CPU
		{196A0D2B-ABA5-4C83-969D-FA0DA7103A72}.Release|Mixed Platforms.ActiveCfg = Release|Any CPU
		{196A0D2B-ABA5-4C83-969D-FA0DA7103A72}.Release|Mixed Platforms.Build.0 = Release|Any CPU
		{196A0D2B-ABA5-4C83-969D-FA0DA7103A72}.Release|x64.ActiveCfg = Release|Any CPU
		{196A0D2B-ABA5-4C83-969D-FA0DA7103A72}.Release|x86.ActiveCfg = Release|Any CPU
		{A3D469DC-0AF9-4C6E-B3C2-DD31BFBF3DC2}.Ad-Hoc|Any CPU.ActiveCfg = Release|Any CPU
		{A3D469DC-0AF9-4C6E-B3C2-DD31BFBF3DC2}.Ad-Hoc|Any CPU.Build.0 = Release|Any CPU
		{A3D469DC-0AF9-4C6E-B3C2-DD31BFBF3DC2}.Ad-Hoc|ARM.ActiveCfg = Release|Any CPU
		{A3D469DC-0AF9-4C6E-B3C2-DD31BFBF3DC2}.Ad-Hoc|iPhone.ActiveCfg = Release|Any CPU
		{A3D469DC-0AF9-4C6E-B3C2-DD31BFBF3DC2}.Ad-Hoc|iPhoneSimulator.ActiveCfg = Release|Any CPU
		{A3D469DC-0AF9-4C6E-B3C2-DD31BFBF3DC2}.Ad-Hoc|Mixed Platforms.ActiveCfg = Release|Any CPU
		{A3D469DC-0AF9-4C6E-B3C2-DD31BFBF3DC2}.Ad-Hoc|Mixed Platforms.Build.0 = Release|Any CPU
		{A3D469DC-0AF9-4C6E-B3C2-DD31BFBF3DC2}.Ad-Hoc|x64.ActiveCfg = Release|Any CPU
		{A3D469DC-0AF9-4C6E-B3C2-DD31BFBF3DC2}.Ad-Hoc|x86.ActiveCfg = Release|Any CPU
		{A3D469DC-0AF9-4C6E-B3C2-DD31BFBF3DC2}.AppStore|Any CPU.ActiveCfg = Release|Any CPU
		{A3D469DC-0AF9-4C6E-B3C2-DD31BFBF3DC2}.AppStore|Any CPU.Build.0 = Release|Any CPU
		{A3D469DC-0AF9-4C6E-B3C2-DD31BFBF3DC2}.AppStore|ARM.ActiveCfg = Release|Any CPU
		{A3D469DC-0AF9-4C6E-B3C2-DD31BFBF3DC2}.AppStore|iPhone.ActiveCfg = Release|Any CPU
		{A3D469DC-0AF9-4C6E-B3C2-DD31BFBF3DC2}.AppStore|iPhoneSimulator.ActiveCfg = Release|Any CPU
		{A3D469DC-0AF9-4C6E-B3C2-DD31BFBF3DC2}.AppStore|Mixed Platforms.ActiveCfg = Release|Any CPU
		{A3D469DC-0AF9-4C6E-B3C2-DD31BFBF3DC2}.AppStore|Mixed Platforms.Build.0 = Release|Any CPU
		{A3D469DC-0AF9-4C6E-B3C2-DD31BFBF3DC2}.AppStore|x64.ActiveCfg = Release|Any CPU
		{A3D469DC-0AF9-4C6E-B3C2-DD31BFBF3DC2}.AppStore|x86.ActiveCfg = Release|Any CPU
		{A3D469DC-0AF9-4C6E-B3C2-DD31BFBF3DC2}.Debug|Any CPU.ActiveCfg = Debug|Any CPU
		{A3D469DC-0AF9-4C6E-B3C2-DD31BFBF3DC2}.Debug|Any CPU.Build.0 = Debug|Any CPU
		{A3D469DC-0AF9-4C6E-B3C2-DD31BFBF3DC2}.Debug|ARM.ActiveCfg = Debug|Any CPU
		{A3D469DC-0AF9-4C6E-B3C2-DD31BFBF3DC2}.Debug|iPhone.ActiveCfg = Debug|Any CPU
		{A3D469DC-0AF9-4C6E-B3C2-DD31BFBF3DC2}.Debug|iPhoneSimulator.ActiveCfg = Debug|Any CPU
		{A3D469DC-0AF9-4C6E-B3C2-DD31BFBF3DC2}.Debug|Mixed Platforms.ActiveCfg = Debug|Any CPU
		{A3D469DC-0AF9-4C6E-B3C2-DD31BFBF3DC2}.Debug|Mixed Platforms.Build.0 = Debug|Any CPU
		{A3D469DC-0AF9-4C6E-B3C2-DD31BFBF3DC2}.Debug|x64.ActiveCfg = Debug|Any CPU
		{A3D469DC-0AF9-4C6E-B3C2-DD31BFBF3DC2}.Debug|x86.ActiveCfg = Debug|Any CPU
		{A3D469DC-0AF9-4C6E-B3C2-DD31BFBF3DC2}.Release|Any CPU.ActiveCfg = Release|Any CPU
		{A3D469DC-0AF9-4C6E-B3C2-DD31BFBF3DC2}.Release|Any CPU.Build.0 = Release|Any CPU
		{A3D469DC-0AF9-4C6E-B3C2-DD31BFBF3DC2}.Release|ARM.ActiveCfg = Release|Any CPU
		{A3D469DC-0AF9-4C6E-B3C2-DD31BFBF3DC2}.Release|iPhone.ActiveCfg = Release|Any CPU
		{A3D469DC-0AF9-4C6E-B3C2-DD31BFBF3DC2}.Release|iPhoneSimulator.ActiveCfg = Release|Any CPU
		{A3D469DC-0AF9-4C6E-B3C2-DD31BFBF3DC2}.Release|Mixed Platforms.ActiveCfg = Release|Any CPU
		{A3D469DC-0AF9-4C6E-B3C2-DD31BFBF3DC2}.Release|Mixed Platforms.Build.0 = Release|Any CPU
		{A3D469DC-0AF9-4C6E-B3C2-DD31BFBF3DC2}.Release|x64.ActiveCfg = Release|Any CPU
		{A3D469DC-0AF9-4C6E-B3C2-DD31BFBF3DC2}.Release|x86.ActiveCfg = Release|Any CPU
		{0EDF7697-BEB7-46A6-A8CD-5655023AD37B}.Ad-Hoc|Any CPU.ActiveCfg = Ad-Hoc|iPhone
		{0EDF7697-BEB7-46A6-A8CD-5655023AD37B}.Ad-Hoc|ARM.ActiveCfg = Ad-Hoc|iPhone
		{0EDF7697-BEB7-46A6-A8CD-5655023AD37B}.Ad-Hoc|iPhone.ActiveCfg = Ad-Hoc|iPhone
		{0EDF7697-BEB7-46A6-A8CD-5655023AD37B}.Ad-Hoc|iPhone.Build.0 = Ad-Hoc|iPhone
		{0EDF7697-BEB7-46A6-A8CD-5655023AD37B}.Ad-Hoc|iPhoneSimulator.ActiveCfg = Ad-Hoc|iPhoneSimulator
		{0EDF7697-BEB7-46A6-A8CD-5655023AD37B}.Ad-Hoc|iPhoneSimulator.Build.0 = Ad-Hoc|iPhoneSimulator
		{0EDF7697-BEB7-46A6-A8CD-5655023AD37B}.Ad-Hoc|Mixed Platforms.ActiveCfg = Ad-Hoc|iPhone
		{0EDF7697-BEB7-46A6-A8CD-5655023AD37B}.Ad-Hoc|Mixed Platforms.Build.0 = Ad-Hoc|iPhone
		{0EDF7697-BEB7-46A6-A8CD-5655023AD37B}.Ad-Hoc|x64.ActiveCfg = Ad-Hoc|iPhone
		{0EDF7697-BEB7-46A6-A8CD-5655023AD37B}.Ad-Hoc|x86.ActiveCfg = Ad-Hoc|iPhone
		{0EDF7697-BEB7-46A6-A8CD-5655023AD37B}.AppStore|Any CPU.ActiveCfg = AppStore|iPhone
		{0EDF7697-BEB7-46A6-A8CD-5655023AD37B}.AppStore|ARM.ActiveCfg = AppStore|iPhone
		{0EDF7697-BEB7-46A6-A8CD-5655023AD37B}.AppStore|iPhone.ActiveCfg = AppStore|iPhone
		{0EDF7697-BEB7-46A6-A8CD-5655023AD37B}.AppStore|iPhone.Build.0 = AppStore|iPhone
		{0EDF7697-BEB7-46A6-A8CD-5655023AD37B}.AppStore|iPhoneSimulator.ActiveCfg = AppStore|iPhoneSimulator
		{0EDF7697-BEB7-46A6-A8CD-5655023AD37B}.AppStore|iPhoneSimulator.Build.0 = AppStore|iPhoneSimulator
		{0EDF7697-BEB7-46A6-A8CD-5655023AD37B}.AppStore|Mixed Platforms.ActiveCfg = AppStore|iPhone
		{0EDF7697-BEB7-46A6-A8CD-5655023AD37B}.AppStore|Mixed Platforms.Build.0 = AppStore|iPhone
		{0EDF7697-BEB7-46A6-A8CD-5655023AD37B}.AppStore|x64.ActiveCfg = AppStore|iPhone
		{0EDF7697-BEB7-46A6-A8CD-5655023AD37B}.AppStore|x86.ActiveCfg = AppStore|iPhone
		{0EDF7697-BEB7-46A6-A8CD-5655023AD37B}.Debug|Any CPU.ActiveCfg = Debug|iPhone
		{0EDF7697-BEB7-46A6-A8CD-5655023AD37B}.Debug|ARM.ActiveCfg = Debug|iPhone
		{0EDF7697-BEB7-46A6-A8CD-5655023AD37B}.Debug|iPhone.ActiveCfg = Debug|iPhone
		{0EDF7697-BEB7-46A6-A8CD-5655023AD37B}.Debug|iPhone.Build.0 = Debug|iPhone
		{0EDF7697-BEB7-46A6-A8CD-5655023AD37B}.Debug|iPhoneSimulator.ActiveCfg = Debug|iPhoneSimulator
		{0EDF7697-BEB7-46A6-A8CD-5655023AD37B}.Debug|iPhoneSimulator.Build.0 = Debug|iPhoneSimulator
		{0EDF7697-BEB7-46A6-A8CD-5655023AD37B}.Debug|Mixed Platforms.ActiveCfg = Debug|iPhone
		{0EDF7697-BEB7-46A6-A8CD-5655023AD37B}.Debug|Mixed Platforms.Build.0 = Debug|iPhone
		{0EDF7697-BEB7-46A6-A8CD-5655023AD37B}.Debug|x64.ActiveCfg = Debug|iPhone
		{0EDF7697-BEB7-46A6-A8CD-5655023AD37B}.Debug|x86.ActiveCfg = Debug|iPhone
		{0EDF7697-BEB7-46A6-A8CD-5655023AD37B}.Release|Any CPU.ActiveCfg = Release|iPhone
		{0EDF7697-BEB7-46A6-A8CD-5655023AD37B}.Release|ARM.ActiveCfg = Release|iPhone
		{0EDF7697-BEB7-46A6-A8CD-5655023AD37B}.Release|iPhone.ActiveCfg = Release|iPhone
		{0EDF7697-BEB7-46A6-A8CD-5655023AD37B}.Release|iPhone.Build.0 = Release|iPhone
		{0EDF7697-BEB7-46A6-A8CD-5655023AD37B}.Release|iPhoneSimulator.ActiveCfg = Release|iPhoneSimulator
		{0EDF7697-BEB7-46A6-A8CD-5655023AD37B}.Release|iPhoneSimulator.Build.0 = Release|iPhoneSimulator
		{0EDF7697-BEB7-46A6-A8CD-5655023AD37B}.Release|Mixed Platforms.ActiveCfg = Release|iPhone
		{0EDF7697-BEB7-46A6-A8CD-5655023AD37B}.Release|Mixed Platforms.Build.0 = Release|iPhone
		{0EDF7697-BEB7-46A6-A8CD-5655023AD37B}.Release|x64.ActiveCfg = Release|iPhone
		{0EDF7697-BEB7-46A6-A8CD-5655023AD37B}.Release|x86.ActiveCfg = Release|iPhone
	EndGlobalSection
	GlobalSection(SolutionProperties) = preSolution
		HideSolutionNode = FALSE
	EndGlobalSection
	GlobalSection(NestedProjects) = preSolution
		{E26611F9-FAAF-419E-A38D-9924A58EF431} = {05F6C01C-5287-43B9-A068-D469927267A3}
		{73A2E4D9-D4A0-4144-968F-0A15A95B72D6} = {ACA21427-ECF9-47AD-A1D5-2622E2F10188}
		{BB2FF403-4287-47E0-82D8-26F7B3B5A852} = {ACA21427-ECF9-47AD-A1D5-2622E2F10188}
		{5BCC8C06-DCE3-4926-B08C-80A1FAA974F5} = {A5B8A812-5915-4D24-A5F4-4B794422B110}
		{C2542BC1-98B0-464E-BB56-956F0C324018} = {ACA21427-ECF9-47AD-A1D5-2622E2F10188}
		{C805C6AE-2F5D-4804-A94F-671953B9A59C} = {ACA21427-ECF9-47AD-A1D5-2622E2F10188}
		{91C9AD17-89B9-4DC3-B96B-7E6F668F8021} = {ACA21427-ECF9-47AD-A1D5-2622E2F10188}
		{80F1E4B9-0C4F-477C-B45A-84A78C2ABA70} = {ACA21427-ECF9-47AD-A1D5-2622E2F10188}
		{69BA8BBB-6A13-4CF7-801B-9B7986954916} = {ACA21427-ECF9-47AD-A1D5-2622E2F10188}
		{E2D7B7F1-7419-49BD-B57B-72227442553D} = {ACA21427-ECF9-47AD-A1D5-2622E2F10188}
		{44C8C0E5-9793-48CC-8B4C-ECB4D2DCFAC1} = {ACA21427-ECF9-47AD-A1D5-2622E2F10188}
		{196A0D2B-ABA5-4C83-969D-FA0DA7103A72} = {ACA21427-ECF9-47AD-A1D5-2622E2F10188}
		{A3D469DC-0AF9-4C6E-B3C2-DD31BFBF3DC2} = {ACA21427-ECF9-47AD-A1D5-2622E2F10188}
		{0EDF7697-BEB7-46A6-A8CD-5655023AD37B} = {A5B8A812-5915-4D24-A5F4-4B794422B110}
	EndGlobalSection
EndGlobal
